
Microsoft Visual Studio Solution File, Format Version 12.00
# Visual Studio 15
VisualStudioVersion = 15.0.33919.361
MinimumVisualStudioVersion = 10.0.40219.1
Project("{FAE04EC0-301F-11D3-BF4B-00C04F79EFBC}") = "ProjetoDeControleDeMateriaisMandadoParaConserto", "ProjetoDeControleDeMateriaisMandadoParaConserto\ProjetoDeControleDeMateriaisMandadoParaConserto.csproj", "{F85DE329-EEC1-4B11-827C-30DA0482EB32}"
EndProject
Global
	GlobalSection(SolutionConfigurationPlatforms) = preSolution
		Debug|Any CPU = Debug|Any CPU
		Release|Any CPU = Release|Any CPU
	EndGlobalSection
	GlobalSection(ProjectConfigurationPlatforms) = postSolution
		{F85DE329-EEC1-4B11-827C-30DA0482EB32}.Debug|Any CPU.ActiveCfg = Debug|Any CPU
		{F85DE329-EEC1-4B11-827C-30DA0482EB32}.Debug|Any CPU.Build.0 = Debug|Any CPU
		{F85DE329-EEC1-4B11-827C-30DA0482EB32}.Release|Any CPU.ActiveCfg = Release|Any CPU
		{F85DE329-EEC1-4B11-827C-30DA0482EB32}.Release|Any CPU.Build.0 = Release|Any CPU
	EndGlobalSection
	GlobalSection(SolutionProperties) = preSolution
		HideSolutionNode = FALSE
	EndGlobalSection
	GlobalSection(ExtensibilityGlobals) = postSolution
		SolutionGuid = {F5326D86-498F-4FE5-9CB0-809C591BB2D7}
	EndGlobalSection
EndGlobal
